dependencies:
  espressif/esp_lvgl_port:
    component_hash: 8bcec6b1144750343ce7e411a7a1057a75a6348d3edc137bd5792ccba7f6c270
    source:
      service_url: https://api.components.espressif.com/
      type: service
    version: 2.3.2
  idf:
    component_hash: null
    source:
      type: idf
    version: 5.2.2
  lvgl/lvgl:
    component_hash: 2409fdc84e9766d2a18afd84b051aef3f838348136cdb1c10ac2e8bcdb012bf6
    source:
      service_url: https://api.components.espressif.com/
      type: service
    version: 9.2.0
manifest_hash: 43fdab8bee35db385adc1876b5447aa4b7f584aa498aaa34655d256b2ab0e257
target: esp32
version: 1.0.0
